
Microsoft Visual Studio Solution File, Format Version 12.00
# Visual Studio Version 16
VisualStudioVersion = 16.0.31424.327
MinimumVisualStudioVersion = 10.0.40219.1
Project("{FAE04EC0-301F-11D3-BF4B-00C04F79EFBC}") = "HttpClientTimeWait", "HttpClientTimeWait\HttpClientTimeWait.csproj", "{97399472-C01B-46EC-8A29-9685C0758058}"
EndProject
Global
	GlobalSection(SolutionConfigurationPlatforms) = preSolution
		Debug|Any CPU = Debug|Any CPU
		Release|Any CPU = Release|Any CPU
	EndGlobalSection
	GlobalSection(ProjectConfigurationPlatforms) = postSolution
		{97399472-C01B-46EC-8A29-9685C0758058}.Debug|Any CPU.ActiveCfg = Debug|Any CPU
		{97399472-C01B-46EC-8A29-9685C0758058}.Debug|Any CPU.Build.0 = Debug|Any CPU
		{97399472-C01B-46EC-8A29-9685C0758058}.Release|Any CPU.ActiveCfg = Release|Any CPU
		{97399472-C01B-46EC-8A29-9685C0758058}.Release|Any CPU.Build.0 = Release|Any CPU
	EndGlobalSection
	GlobalSection(SolutionProperties) = preSolution
		HideSolutionNode = FALSE
	EndGlobalSection
	GlobalSection(ExtensibilityGlobals) = postSolution
		SolutionGuid = {66DF4AFB-E954-4182-944E-A22DA6F80F65}
	EndGlobalSection
EndGlobal
